
Microsoft Visual Studio Solution File, Format Version 12.00
# Visual Studio 14
VisualStudioVersion = 14.0.25420.1
MinimumVisualStudioVersion = 10.0.40219.1
Project("{FAE04EC0-301F-11D3-BF4B-00C04F79EFBC}") = "OnElementPropertyChangedExample.iOS", "OnElementPropertyChangedExample\OnElementPropertyChangedExample.iOS\OnElementPropertyChangedExample.iOS.csproj", "{57A76083-E41B-4613-B1CC-1156E944FF47}"
EndProject
Project("{FAE04EC0-301F-11D3-BF4B-00C04F79EFBC}") = "OnElementPropertyChangedExample", "OnElementPropertyChangedExample\OnElementPropertyChangedExample\OnElementPropertyChangedExample.csproj", "{D3BC3538-6A6C-4CFB-9BA7-E47646A446B7}"
EndProject
Project("{FAE04EC0-301F-11D3-BF4B-00C04F79EFBC}") = "OnElementPropertyChangedCustomRenderers", "OnElementPropertyChangedCustomRenderers\OnElementPropertyChangedCustomRenderers.csproj", "{BC716AA1-05CA-4600-924D-1D4E4429220D}"
EndProject
Global
	GlobalSection(SolutionConfigurationPlatforms) = preSolution
		Ad-Hoc|Any CPU = Ad-Hoc|Any CPU
		Ad-Hoc|ARM = Ad-Hoc|ARM
		Ad-Hoc|iPhone = Ad-Hoc|iPhone
		Ad-Hoc|iPhoneSimulator = Ad-Hoc|iPhoneSimulator
		Ad-Hoc|x64 = Ad-Hoc|x64
		Ad-Hoc|x86 = Ad-Hoc|x86
		AppStore|Any CPU = AppStore|Any CPU
		AppStore|ARM = AppStore|ARM
		AppStore|iPhone = AppStore|iPhone
		AppStore|iPhoneSimulator = AppStore|iPhoneSimulator
		AppStore|x64 = AppStore|x64
		AppStore|x86 = AppStore|x86
		Debug|Any CPU = Debug|Any CPU
		Debug|ARM = Debug|ARM
		Debug|iPhone = Debug|iPhone
		Debug|iPhoneSimulator = Debug|iPhoneSimulator
		Debug|x64 = Debug|x64
		Debug|x86 = Debug|x86
		Release|Any CPU = Release|Any CPU
		Release|ARM = Release|ARM
		Release|iPhone = Release|iPhone
		Release|iPhoneSimulator = Release|iPhoneSimulator
		Release|x64 = Release|x64
		Release|x86 = Release|x86
	EndGlobalSection
	GlobalSection(ProjectConfigurationPlatforms) = postSolution
		{57A76083-E41B-4613-B1CC-1156E944FF47}.Ad-Hoc|Any CPU.ActiveCfg = Ad-Hoc|iPhone
		{57A76083-E41B-4613-B1CC-1156E944FF47}.Ad-Hoc|ARM.ActiveCfg = Ad-Hoc|iPhone
		{57A76083-E41B-4613-B1CC-1156E944FF47}.Ad-Hoc|iPhone.ActiveCfg = Ad-Hoc|iPhone
		{57A76083-E41B-4613-B1CC-1156E944FF47}.Ad-Hoc|iPhone.Build.0 = Ad-Hoc|iPhone
		{57A76083-E41B-4613-B1CC-1156E944FF47}.Ad-Hoc|iPhoneSimulator.ActiveCfg = Ad-Hoc|iPhoneSimulator
		{57A76083-E41B-4613-B1CC-1156E944FF47}.Ad-Hoc|iPhoneSimulator.Build.0 = Ad-Hoc|iPhoneSimulator
		{57A76083-E41B-4613-B1CC-1156E944FF47}.Ad-Hoc|x64.ActiveCfg = Ad-Hoc|iPhone
		{57A76083-E41B-4613-B1CC-1156E944FF47}.Ad-Hoc|x86.ActiveCfg = Ad-Hoc|iPhone
		{57A76083-E41B-4613-B1CC-1156E944FF47}.AppStore|Any CPU.ActiveCfg = AppStore|iPhone
		{57A76083-E41B-4613-B1CC-1156E944FF47}.AppStore|ARM.ActiveCfg = AppStore|iPhone
		{57A76083-E41B-4613-B1CC-1156E944FF47}.AppStore|iPhone.ActiveCfg = AppStore|iPhone
		{57A76083-E41B-4613-B1CC-1156E944FF47}.AppStore|iPhone.Build.0 = AppStore|iPhone
		{57A76083-E41B-4613-B1CC-1156E944FF47}.AppStore|iPhoneSimulator.ActiveCfg = AppStore|iPhoneSimulator
		{57A76083-E41B-4613-B1CC-1156E944FF47}.AppStore|iPhoneSimulator.Build.0 = AppStore|iPhoneSimulator
		{57A76083-E41B-4613-B1CC-1156E944FF47}.AppStore|x64.ActiveCfg = AppStore|iPhone
		{57A76083-E41B-4613-B1CC-1156E944FF47}.AppStore|x86.ActiveCfg = AppStore|iPhone
		{57A76083-E41B-4613-B1CC-1156E944FF47}.Debug|Any CPU.ActiveCfg = Debug|iPhone
		{57A76083-E41B-4613-B1CC-1156E944FF47}.Debug|ARM.ActiveCfg = Debug|iPhone
		{57A76083-E41B-4613-B1CC-1156E944FF47}.Debug|iPhone.ActiveCfg = Debug|iPhone
		{57A76083-E41B-4613-B1CC-1156E944FF47}.Debug|iPhone.Build.0 = Debug|iPhone
		{57A76083-E41B-4613-B1CC-1156E944FF47}.Debug|iPhoneSimulator.ActiveCfg = Debug|iPhoneSimulator
		{57A76083-E41B-4613-B1CC-1156E944FF47}.Debug|iPhoneSimulator.Build.0 = Debug|iPhoneSimulator
		{57A76083-E41B-4613-B1CC-1156E944FF47}.Debug|x64.ActiveCfg = Debug|iPhone
		{57A76083-E41B-4613-B1CC-1156E944FF47}.Debug|x86.ActiveCfg = Debug|iPhone
		{57A76083-E41B-4613-B1CC-1156E944FF47}.Release|Any CPU.ActiveCfg = Release|iPhone
		{57A76083-E41B-4613-B1CC-1156E944FF47}.Release|ARM.ActiveCfg = Release|iPhone
		{57A76083-E41B-4613-B1CC-1156E944FF47}.Release|iPhone.ActiveCfg = Release|iPhone
		{57A76083-E41B-4613-B1CC-1156E944FF47}.Release|iPhone.Build.0 = Release|iPhone
		{57A76083-E41B-4613-B1CC-1156E944FF47}.Release|iPhoneSimulator.ActiveCfg = Release|iPhoneSimulator
		{57A76083-E41B-4613-B1CC-1156E944FF47}.Release|iPhoneSimulator.Build.0 = Release|iPhoneSimulator
		{57A76083-E41B-4613-B1CC-1156E944FF47}.Release|x64.ActiveCfg = Release|iPhone
		{57A76083-E41B-4613-B1CC-1156E944FF47}.Release|x86.ActiveCfg = Release|iPhone
		{D3BC3538-6A6C-4CFB-9BA7-E47646A446B7}.Ad-Hoc|Any CPU.ActiveCfg = Release|Any CPU
		{D3BC3538-6A6C-4CFB-9BA7-E47646A446B7}.Ad-Hoc|Any CPU.Build.0 = Release|Any CPU
		{D3BC3538-6A6C-4CFB-9BA7-E47646A446B7}.Ad-Hoc|ARM.ActiveCfg = Release|Any CPU
		{D3BC3538-6A6C-4CFB-9BA7-E47646A446B7}.Ad-Hoc|ARM.Build.0 = Release|Any CPU
		{D3BC3538-6A6C-4CFB-9BA7-E47646A446B7}.Ad-Hoc|iPhone.ActiveCfg = Release|Any CPU
		{D3BC3538-6A6C-4CFB-9BA7-E47646A446B7}.Ad-Hoc|iPhone.Build.0 = Release|Any CPU
		{D3BC3538-6A6C-4CFB-9BA7-E47646A446B7}.Ad-Hoc|iPhoneSimulator.ActiveCfg = Release|Any CPU
		{D3BC3538-6A6C-4CFB-9BA7-E47646A446B7}.Ad-Hoc|iPhoneSimulator.Build.0 = Release|Any CPU
		{D3BC3538-6A6C-4CFB-9BA7-E47646A446B7}.Ad-Hoc|x64.ActiveCfg = Release|Any CPU
		{D3BC3538-6A6C-4CFB-9BA7-E47646A446B7}.Ad-Hoc|x64.Build.0 = Release|Any CPU
		{D3BC3538-6A6C-4CFB-9BA7-E47646A446B7}.Ad-Hoc|x86.ActiveCfg = Release|Any CPU
		{D3BC3538-6A6C-4CFB-9BA7-E47646A446B7}.Ad-Hoc|x86.Build.0 = Release|Any CPU
		{D3BC3538-6A6C-4CFB-9BA7-E47646A446B7}.AppStore|Any CPU.ActiveCfg = Release|Any CPU
		{D3BC3538-6A6C-4CFB-9BA7-E47646A446B7}.AppStore|Any CPU.Build.0 = Release|Any CPU
		{D3BC3538-6A6C-4CFB-9BA7-E47646A446B7}.AppStore|ARM.ActiveCfg = Release|Any CPU
		{D3BC3538-6A6C-4CFB-9BA7-E47646A446B7}.AppStore|ARM.Build.0 = Release|Any CPU
		{D3BC3538-6A6C-4CFB-9BA7-E47646A446B7}.AppStore|iPhone.ActiveCfg = Release|Any CPU
		{D3BC3538-6A6C-4CFB-9BA7-E47646A446B7}.AppStore|iPhone.Build.0 = Release|Any CPU
		{D3BC3538-6A6C-4CFB-9BA7-E47646A446B7}.AppStore|iPhoneSimulator.ActiveCfg = Release|Any CPU
		{D3BC3538-6A6C-4CFB-9BA7-E47646A446B7}.AppStore|iPhoneSimulator.Build.0 = Release|Any CPU
		{D3BC3538-6A6C-4CFB-9BA7-E47646A446B7}.AppStore|x64.ActiveCfg = Release|Any CPU
		{D3BC3538-6A6C-4CFB-9BA7-E47646A446B7}.AppStore|x64.Build.0 = Release|Any CPU
		{D3BC3538-6A6C-4CFB-9BA7-E47646A446B7}.AppStore|x86.ActiveCfg = Release|Any CPU
		{D3BC3538-6A6C-4CFB-9BA7-E47646A446B7}.AppStore|x86.Build.0 = Release|Any CPU
		{D3BC3538-6A6C-4CFB-9BA7-E47646A446B7}.Debug|Any CPU.ActiveCfg = Debug|Any CPU
		{D3BC3538-6A6C-4CFB-9BA7-E47646A446B7}.Debug|Any CPU.Build.0 = Debug|Any CPU
		{D3BC3538-6A6C-4CFB-9BA7-E47646A446B7}.Debug|ARM.ActiveCfg = Debug|Any CPU
		{D3BC3538-6A6C-4CFB-9BA7-E47646A446B7}.Debug|ARM.Build.0 = Debug|Any CPU
		{D3BC3538-6A6C-4CFB-9BA7-E47646A446B7}.Debug|iPhone.ActiveCfg = Debug|Any CPU
		{D3BC3538-6A6C-4CFB-9BA7-E47646A446B7}.Debug|iPhone.Build.0 = Debug|Any CPU
		{D3BC3538-6A6C-4CFB-9BA7-E47646A446B7}.Debug|iPhoneSimulator.ActiveCfg = Debug|Any CPU
		{D3BC3538-6A6C-4CFB-9BA7-E47646A446B7}.Debug|iPhoneSimulator.Build.0 = Debug|Any CPU
		{D3BC3538-6A6C-4CFB-9BA7-E47646A446B7}.Debug|x64.ActiveCfg = Debug|Any CPU
		{D3BC3538-6A6C-4CFB-9BA7-E47646A446B7}.Debug|x64.Build.0 = Debug|Any CPU
		{D3BC3538-6A6C-4CFB-9BA7-E47646A446B7}.Debug|x86.ActiveCfg = Debug|Any CPU
		{D3BC3538-6A6C-4CFB-9BA7-E47646A446B7}.Debug|x86.Build.0 = Debug|Any CPU
		{D3BC3538-6A6C-4CFB-9BA7-E47646A446B7}.Release|Any CPU.ActiveCfg = Release|Any CPU
		{D3BC3538-6A6C-4CFB-9BA7-E47646A446B7}.Release|Any CPU.Build.0 = Release|Any CPU
		{D3BC3538-6A6C-4CFB-9BA7-E47646A446B7}.Release|ARM.ActiveCfg = Release|Any CPU
		{D3BC3538-6A6C-4CFB-9BA7-E47646A446B7}.Release|ARM.Build.0 = Release|Any CPU
		{D3BC3538-6A6C-4CFB-9BA7-E47646A446B7}.Release|iPhone.ActiveCfg = Release|Any CPU
		{D3BC3538-6A6C-4CFB-9BA7-E47646A446B7}.Release|iPhone.Build.0 = Release|Any CPU
		{D3BC3538-6A6C-4CFB-9BA7-E47646A446B7}.Release|iPhoneSimulator.ActiveCfg = Release|Any CPU
		{D3BC3538-6A6C-4CFB-9BA7-E47646A446B7}.Release|iPhoneSimulator.Build.0 = Release|Any CPU
		{D3BC3538-6A6C-4CFB-9BA7-E47646A446B7}.Release|x64.ActiveCfg = Release|Any CPU
		{D3BC3538-6A6C-4CFB-9BA7-E47646A446B7}.Release|x64.Build.0 = Release|Any CPU
		{D3BC3538-6A6C-4CFB-9BA7-E47646A446B7}.Release|x86.ActiveCfg = Release|Any CPU
		{D3BC3538-6A6C-4CFB-9BA7-E47646A446B7}.Release|x86.Build.0 = Release|Any CPU
		{BC716AA1-05CA-4600-924D-1D4E4429220D}.Ad-Hoc|Any CPU.ActiveCfg = Release|Any CPU
		{BC716AA1-05CA-4600-924D-1D4E4429220D}.Ad-Hoc|Any CPU.Build.0 = Release|Any CPU
		{BC716AA1-05CA-4600-924D-1D4E4429220D}.Ad-Hoc|ARM.ActiveCfg = Release|Any CPU
		{BC716AA1-05CA-4600-924D-1D4E4429220D}.Ad-Hoc|ARM.Build.0 = Release|Any CPU
		{BC716AA1-05CA-4600-924D-1D4E4429220D}.Ad-Hoc|iPhone.ActiveCfg = Release|Any CPU
		{BC716AA1-05CA-4600-924D-1D4E4429220D}.Ad-Hoc|iPhone.Build.0 = Release|Any CPU
		{BC716AA1-05CA-4600-924D-1D4E4429220D}.Ad-Hoc|iPhoneSimulator.ActiveCfg = Release|Any CPU
		{BC716AA1-05CA-4600-924D-1D4E4429220D}.Ad-Hoc|iPhoneSimulator.Build.0 = Release|Any CPU
		{BC716AA1-05CA-4600-924D-1D4E4429220D}.Ad-Hoc|x64.ActiveCfg = Release|Any CPU
		{BC716AA1-05CA-4600-924D-1D4E4429220D}.Ad-Hoc|x64.Build.0 = Release|Any CPU
		{BC716AA1-05CA-4600-924D-1D4E4429220D}.Ad-Hoc|x86.ActiveCfg = Release|Any CPU
		{BC716AA1-05CA-4600-924D-1D4E4429220D}.Ad-Hoc|x86.Build.0 = Release|Any CPU
		{BC716AA1-05CA-4600-924D-1D4E4429220D}.AppStore|Any CPU.ActiveCfg = Release|Any CPU
		{BC716AA1-05CA-4600-924D-1D4E4429220D}.AppStore|Any CPU.Build.0 = Release|Any CPU
		{BC716AA1-05CA-4600-924D-1D4E4429220D}.AppStore|ARM.ActiveCfg = Release|Any CPU
		{BC716AA1-05CA-4600-924D-1D4E4429220D}.AppStore|ARM.Build.0 = Release|Any CPU
		{BC716AA1-05CA-4600-924D-1D4E4429220D}.AppStore|iPhone.ActiveCfg = Release|Any CPU
		{BC716AA1-05CA-4600-924D-1D4E4429220D}.AppStore|iPhone.Build.0 = Release|Any CPU
		{BC716AA1-05CA-4600-924D-1D4E4429220D}.AppStore|iPhoneSimulator.ActiveCfg = Release|Any CPU
		{BC716AA1-05CA-4600-924D-1D4E4429220D}.AppStore|iPhoneSimulator.Build.0 = Release|Any CPU
		{BC716AA1-05CA-4600-924D-1D4E4429220D}.AppStore|x64.ActiveCfg = Release|Any CPU
		{BC716AA1-05CA-4600-924D-1D4E4429220D}.AppStore|x64.Build.0 = Release|Any CPU
		{BC716AA1-05CA-4600-924D-1D4E4429220D}.AppStore|x86.ActiveCfg = Release|Any CPU
		{BC716AA1-05CA-4600-924D-1D4E4429220D}.AppStore|x86.Build.0 = Release|Any CPU
		{BC716AA1-05CA-4600-924D-1D4E4429220D}.Debug|Any CPU.ActiveCfg = Debug|Any CPU
		{BC716AA1-05CA-4600-924D-1D4E4429220D}.Debug|Any CPU.Build.0 = Debug|Any CPU
		{BC716AA1-05CA-4600-924D-1D4E4429220D}.Debug|ARM.ActiveCfg = Debug|Any CPU
		{BC716AA1-05CA-4600-924D-1D4E4429220D}.Debug|ARM.Build.0 = Debug|Any CPU
		{BC716AA1-05CA-4600-924D-1D4E4429220D}.Debug|iPhone.ActiveCfg = Debug|Any CPU
		{BC716AA1-05CA-4600-924D-1D4E4429220D}.Debug|iPhone.Build.0 = Debug|Any CPU
		{BC716AA1-05CA-4600-924D-1D4E4429220D}.Debug|iPhoneSimulator.ActiveCfg = Debug|Any CPU
		{BC716AA1-05CA-4600-924D-1D4E4429220D}.Debug|iPhoneSimulator.Build.0 = Debug|Any CPU
		{BC716AA1-05CA-4600-924D-1D4E4429220D}.Debug|x64.ActiveCfg = Debug|Any CPU
		{BC716AA1-05CA-4600-924D-1D4E4429220D}.Debug|x64.Build.0 = Debug|Any CPU
		{BC716AA1-05CA-4600-924D-1D4E4429220D}.Debug|x86.ActiveCfg = Debug|Any CPU
		{BC716AA1-05CA-4600-924D-1D4E4429220D}.Debug|x86.Build.0 = Debug|Any CPU
		{BC716AA1-05CA-4600-924D-1D4E4429220D}.Release|Any CPU.ActiveCfg = Release|Any CPU
		{BC716AA1-05CA-4600-924D-1D4E4429220D}.Release|Any CPU.Build.0 = Release|Any CPU
		{BC716AA1-05CA-4600-924D-1D4E4429220D}.Release|ARM.ActiveCfg = Release|Any CPU
		{BC716AA1-05CA-4600-924D-1D4E4429220D}.Release|ARM.Build.0 = Release|Any CPU
		{BC716AA1-05CA-4600-924D-1D4E4429220D}.Release|iPhone.ActiveCfg = Release|Any CPU
		{BC716AA1-05CA-4600-924D-1D4E4429220D}.Release|iPhone.Build.0 = Release|Any CPU
		{BC716AA1-05CA-4600-924D-1D4E4429220D}.Release|iPhoneSimulator.ActiveCfg = Release|Any CPU
		{BC716AA1-05CA-4600-924D-1D4E4429220D}.Release|iPhoneSimulator.Build.0 = Release|Any CPU
		{BC716AA1-05CA-4600-924D-1D4E4429220D}.Release|x64.ActiveCfg = Release|Any CPU
		{BC716AA1-05CA-4600-924D-1D4E4429220D}.Release|x64.Build.0 = Release|Any CPU
		{BC716AA1-05CA-4600-924D-1D4E4429220D}.Release|x86.ActiveCfg = Release|Any CPU
		{BC716AA1-05CA-4600-924D-1D4E4429220D}.Release|x86.Build.0 = Release|Any CPU
	EndGlobalSection
	GlobalSection(SolutionProperties) = preSolution
		HideSolutionNode = FALSE
	EndGlobalSection
EndGlobal
